{
  "name": "xray-sys-monorepo",
  "version": "1.0.0",
  "lockfileVersion": 3,
  "requires": true,
  "packages": {
    "": {
      "name": "xray-sys-monorepo",
      "version": "1.0.0",
      "license": "ISC",
      "workspaces": [
        "packages/*"
      ]
    },
    "node_modules/@types/node": {
      "version": "25.0.3",
      "resolved": "https://registry.npmjs.org/@types/node/-/node-25.0.3.tgz",
      "integrity": "sha512-W609buLVRVmeW693xKfzHeIV6nJGGz98uCPfeXI1ELMLXVeKYZ9m15fAMSaUPBHYLGFsVRcMmSCksQOrZV9BYA==",
      "dev": true,
      "license": "MIT",
      "dependencies": {
        "undici-types": "~7.16.0"
      }
    },
    "node_modules/@xray-sys/api": {
      "resolved": "packages/api",
      "link": true
    },
    "node_modules/@xray-sys/examples": {
      "resolved": "packages/examples",
      "link": true
    },
    "node_modules/@xray-sys/sdk": {
      "resolved": "packages/sdk",
      "link": true
    },
    "node_modules/typescript": {
      "version": "5.9.3",
      "resolved": "https://registry.npmjs.org/typescript/-/typescript-5.9.3.tgz",
      "integrity": "sha512-jl1vZzPDinLr9eUt3J/t7V6FgNEw9QjvBPdysz9KfQDD41fQrC2Y4vKQdiaUpFT4bXlb1RHhLpp8wtm6M5TgSw==",
      "dev": true,
      "license": "Apache-2.0",
      "bin": {
        "tsc": "bin/tsc",
        "tsserver": "bin/tsserver"
      },
      "engines": {
        "node": ">=14.17"
      }
    },
    "node_modules/undici": {
      "version": "7.16.0",
      "resolved": "https://registry.npmjs.org/undici/-/undici-7.16.0.tgz",
      "integrity": "sha512-QEg3HPMll0o3t2ourKwOeUAZ159Kn9mx5pnzHRQO8+Wixmh88YdZRiIwat0iNzNNXn0yoEtXJqFpyW7eM8BV7g==",
      "license": "MIT",
      "engines": {
        "node": ">=20.18.1"
      }
    },
    "node_modules/undici-types": {
      "version": "7.16.0",
      "resolved": "https://registry.npmjs.org/undici-types/-/undici-types-7.16.0.tgz",
      "integrity": "sha512-Zz+aZWSj8LE6zoxD+xrjh4VfkIG8Ya6LvYkZqtUQGJPZjYl53ypCaUwWqo7eI0x66KBGeRo+mlBEkMSeSZ38Nw==",
      "dev": true,
      "license": "MIT"
    },
    "node_modules/uuid": {
      "version": "13.0.0",
      "resolved": "https://registry.npmjs.org/uuid/-/uuid-13.0.0.tgz",
      "integrity": "sha512-XQegIaBTVUjSHliKqcnFqYypAd4S+WCYt5NIeRs6w/UAry7z8Y9j5ZwRRL4kzq9U3sD6v+85er9FvkEaBpji2w==",
      "funding": [
        "https://github.com/sponsors/broofa",
        "https://github.com/sponsors/ctavan"
      ],
      "license": "MIT",
      "bin": {
        "uuid": "dist-node/bin/uuid"
      }
    },
    "packages/api": {
      "name": "@xray-sys/api",
      "version": "1.0.0",
      "dependencies": {
        "@xray-sys/sdk": "^1.0.0"
      },
      "devDependencies": {
        "typescript": "^5.0.0"
      }
    },
    "packages/examples": {
      "name": "@xray-sys/examples",
      "version": "1.0.0",
      "dependencies": {
        "@xray-sys/sdk": "^1.0.0"
      },
      "devDependencies": {
        "typescript": "^5.0.0"
      }
    },
    "packages/sdk": {
      "name": "@xray-sys/sdk",
      "version": "1.0.0",
      "dependencies": {
        "undici": "^7.16.0",
        "uuid": "^13.0.0"
      },
      "devDependencies": {
        "@types/node": "^25.0.3",
        "typescript": "^5.0.0"
      }
    }
  }
}
